
Microsoft Visual Studio Solution File, Format Version 12.00
# Visual Studio Version 16
VisualStudioVersion = 16.0.29806.167
MinimumVisualStudioVersion = 10.0.40219.1
Project("{FAE04EC0-301F-11D3-BF4B-00C04F79EFBC}") = "TimeTracker.Server", "TimeTracker\Server\TimeTracker.Server.csproj", "{D7DC68A0-C110-40AD-B6B7-3E98AA2863E3}"
EndProject
Project("{FAE04EC0-301F-11D3-BF4B-00C04F79EFBC}") = "TimeTracker.Client", "TimeTracker\Client\TimeTracker.Client.csproj", "{05667D55-09BB-4130-B26F-D8F1B17F77C1}"
EndProject
Project("{FAE04EC0-301F-11D3-BF4B-00C04F79EFBC}") = "TimeTracker.Shared", "TimeTracker\Shared\TimeTracker.Shared.csproj", "{F4921F91-1F09-455D-ACA1-1A5C4DFB9FA9}"
EndProject
Global
	GlobalSection(SolutionConfigurationPlatforms) = preSolution
		Debug|Any CPU = Debug|Any CPU
		Release|Any CPU = Release|Any CPU
	EndGlobalSection
	GlobalSection(ProjectConfigurationPlatforms) = postSolution
		{D7DC68A0-C110-40AD-B6B7-3E98AA2863E3}.Debug|Any CPU.ActiveCfg = Debug|Any CPU
		{D7DC68A0-C110-40AD-B6B7-3E98AA2863E3}.Debug|Any CPU.Build.0 = Debug|Any CPU
		{D7DC68A0-C110-40AD-B6B7-3E98AA2863E3}.Release|Any CPU.ActiveCfg = Release|Any CPU
		{D7DC68A0-C110-40AD-B6B7-3E98AA2863E3}.Release|Any CPU.Build.0 = Release|Any CPU
		{05667D55-09BB-4130-B26F-D8F1B17F77C1}.Debug|Any CPU.ActiveCfg = Debug|Any CPU
		{05667D55-09BB-4130-B26F-D8F1B17F77C1}.Debug|Any CPU.Build.0 = Debug|Any CPU
		{05667D55-09BB-4130-B26F-D8F1B17F77C1}.Release|Any CPU.ActiveCfg = Release|Any CPU
		{05667D55-09BB-4130-B26F-D8F1B17F77C1}.Release|Any CPU.Build.0 = Release|Any CPU
		{F4921F91-1F09-455D-ACA1-1A5C4DFB9FA9}.Debug|Any CPU.ActiveCfg = Debug|Any CPU
		{F4921F91-1F09-455D-ACA1-1A5C4DFB9FA9}.Debug|Any CPU.Build.0 = Debug|Any CPU
		{F4921F91-1F09-455D-ACA1-1A5C4DFB9FA9}.Release|Any CPU.ActiveCfg = Release|Any CPU
		{F4921F91-1F09-455D-ACA1-1A5C4DFB9FA9}.Release|Any CPU.Build.0 = Release|Any CPU
	EndGlobalSection
	GlobalSection(SolutionProperties) = preSolution
		HideSolutionNode = FALSE
	EndGlobalSection
	GlobalSection(ExtensibilityGlobals) = postSolution
		SolutionGuid = {519FC142-ABB5-42D7-9EF6-880FFB157038}
	EndGlobalSection
EndGlobal
